// !$*UTF8*$!
{
	archiveVersion = 1;
	classes = {
	};
	objectVersion = 50;
	objects = {

/* Begin PBXBuildFile section */
		3E8FFA3E2218035B006AE4D3 /* AboutViewController.swift in Sources */ = {isa = PBXBuildFile; fileRef = 3E8FFA3D2218035B006AE4D3 /* AboutViewController.swift */; };
		3E8FFA432218A9BF006AE4D3 /* Assets.xcassets in Resources */ = {isa = PBXBuildFile; fileRef = 3E8FFA422218A9BF006AE4D3 /* Assets.xcassets */; };
		3E9178D622103F2E00F33EDF /* AppDelegate.swift in Sources */ = {isa = PBXBuildFile; fileRef = 3E9178D522103F2E00F33EDF /* AppDelegate.swift */; };
		3E9178D822103F2E00F33EDF /* CalculatorViewController.swift in Sources */ = {isa = PBXBuildFile; fileRef = 3E9178D722103F2E00F33EDF /* CalculatorViewController.swift */; };
		3E9178DB22103F2E00F33EDF /* Main.storyboard in Resources */ = {isa = PBXBuildFile; fileRef = 3E9178D922103F2E00F33EDF /* Main.storyboard */; };
		3E9178E022103F3000F33EDF /* LaunchScreen.storyboard in Resources */ = {isa = PBXBuildFile; fileRef = 3E9178DE22103F3000F33EDF /* LaunchScreen.storyboard */; };
		3EA7897022343AD7005944BF /* SettingViewController.swift in Sources */ = {isa = PBXBuildFile; fileRef = 3EA7896F22343AD7005944BF /* SettingViewController.swift */; };
		3EA9D14A2255F8B10042E463 /* CalculatorBrain.swift in Sources */ = {isa = PBXBuildFile; fileRef = 3EA9D1492255F8B10042E463 /* CalculatorBrain.swift */; };
		3EFBA223225E774800D60232 /* UnitTest.swift in Sources */ = {isa = PBXBuildFile; fileRef = 3EFBA222225E774800D60232 /* UnitTest.swift */; };
		FD435D4A285B9D8CF4D5D90E /* libPods-Calculator.a in Frameworks */ = {isa = PBXBuildFile; fileRef = C05C2EE30E34014C09DB76B0 /* libPods-Calculator.a */; };
/* End PBXBuildFile section */

/* Begin PBXContainerItemProxy section */
		3EFBA225225E774800D60232 /* PBXContainerItemProxy */ = {
			isa = PBXContainerItemProxy;
			containerPortal = 3E9178CA22103F2E00F33EDF /* Project object */;
			proxyType = 1;
			remoteGlobalIDString = 3E9178D122103F2E00F33EDF;
			remoteInfo = Calculator;
		};
/* End PBXContainerItemProxy section */

/* Begin PBXFileReference section */
		3E8FFA3D2218035B006AE4D3 /* AboutViewController.swift */ = {isa = PBXFileReference; lastKnownFileType = sourcecode.swift; path = AboutViewController.swift; sourceTree = "<group>"; };
		3E8FFA422218A9BF006AE4D3 /* Assets.xcassets */ = {isa = PBXFileReference; lastKnownFileType = folder.assetcatalog; path = Assets.xcassets; sourceTree = "<group>"; };
		3E9178D222103F2E00F33EDF /* Calculator.app */ = {isa = PBXFileReference; explicitFileType = wrapper.application; includeInIndex = 0; path = Calculator.app; sourceTree = BUILT_PRODUCTS_DIR; };
		3E9178D522103F2E00F33EDF /* AppDelegate.swift */ = {isa = PBXFileReference; lastKnownFileType = sourcecode.swift; path = AppDelegate.swift; sourceTree = "<group>"; };
		3E9178D722103F2E00F33EDF /* CalculatorViewController.swift */ = {isa = PBXFileReference; lastKnownFileType = sourcecode.swift; path = CalculatorViewController.swift; sourceTree = "<group>"; };
		3E9178DA22103F2E00F33EDF /* Base */ = {isa = PBXFileReference; lastKnownFileType = file.storyboard; name = Base; path = Base.lproj/Main.storyboard; sourceTree = "<group>"; };
		3E9178DF22103F3000F33EDF /* Base */ = {isa = PBXFileReference; lastKnownFileType = file.storyboard; name = Base; path = Base.lproj/LaunchScreen.storyboard; sourceTree = "<group>"; };
		3E9178E122103F3000F33EDF /* Info.plist */ = {isa = PBXFileReference; lastKnownFileType = text.plist.xml; path = Info.plist; sourceTree = "<group>"; };
		3EA7896F22343AD7005944BF /* SettingViewController.swift */ = {isa = PBXFileReference; lastKnownFileType = sourcecode.swift; path = SettingViewController.swift; sourceTree = "<group>"; };
		3EA9D1492255F8B10042E463 /* CalculatorBrain.swift */ = {isa = PBXFileReference; lastKnownFileType = sourcecode.swift; path = CalculatorBrain.swift; sourceTree = "<group>"; };
		3EFBA220225E774800D60232 /* UnitTest.xctest */ = {isa = PBXFileReference; explicitFileType = wrapper.cfbundle; includeInIndex = 0; path = UnitTest.xctest; sourceTree = BUILT_PRODUCTS_DIR; };
		3EFBA222225E774800D60232 /* UnitTest.swift */ = {isa = PBXFileReference; lastKnownFileType = sourcecode.swift; path = UnitTest.swift; sourceTree = "<group>"; };
		3EFBA224225E774800D60232 /* Info.plist */ = {isa = PBXFileReference; lastKnownFileType = text.plist.xml; path = Info.plist; sourceTree = "<group>"; };
		A3F61ACDF5FA0D153152E0BC /* Pods-Calculator.debug.xcconfig */ = {isa = PBXFileReference; includeInIndex = 1; lastKnownFileType = text.xcconfig; name = "Pods-Calculator.debug.xcconfig"; path = "Target Support Files/Pods-Calculator/Pods-Calculator.debug.xcconfig"; sourceTree = "<group>"; };
		C05C2EE30E34014C09DB76B0 /* libPods-Calculator.a */ = {isa = PBXFileReference; explicitFileType = archive.ar; includeInIndex = 0; path = "libPods-Calculator.a"; sourceTree = BUILT_PRODUCTS_DIR; };
		E892D66EC3B872C10D755734 /* Pods-Calculator.release.xcconfig */ = {isa = PBXFileReference; includeInIndex = 1; lastKnownFileType = text.xcconfig; name = "Pods-Calculator.release.xcconfig"; path = "Target Support Files/Pods-Calculator/Pods-Calculator.release.xcconfig"; sourceTree = "<group>"; };
/* End PBXFileReference section */

/* Begin PBXFrameworksBuildPhase section */
		3E9178CF22103F2E00F33EDF /* Frameworks */ = {
			isa = PBXFrameworksBuildPhase;
			buildActionMask = 2147483647;
			files = (
				FD435D4A285B9D8CF4D5D90E /* libPods-Calculator.a in Frameworks */,
			);
			runOnlyForDeploymentPostprocessing = 0;
		};
		3EFBA21D225E774800D60232 /* Frameworks */ = {
			isa = PBXFrameworksBuildPhase;
			buildActionMask = 2147483647;
			files = (
			);
			runOnlyForDeploymentPostprocessing = 0;
		};
/* End PBXFrameworksBuildPhase section */

/* Begin PBXGroup section */
		389AB29071403C156A57046D /* Pods */ = {
			isa = PBXGroup;
			children = (
				A3F61ACDF5FA0D153152E0BC /* Pods-Calculator.debug.xcconfig */,
				E892D66EC3B872C10D755734 /* Pods-Calculator.release.xcconfig */,
			);
			path = Pods;
			sourceTree = "<group>";
		};
		3E9178C922103F2E00F33EDF = {
			isa = PBXGroup;
			children = (
				3E9178D422103F2E00F33EDF /* Calculator */,
				389AB29071403C156A57046D /* Pods */,
				3EFBA221225E774800D60232 /* UnitTest */,
				CD053633DA862CAA24B3C394 /* Frameworks */,
			);
			sourceTree = "<group>";
		};
		3E9178D322103F2E00F33EDF /* Products */ = {
			isa = PBXGroup;
			children = (
				3E9178D222103F2E00F33EDF /* Calculator.app */,
				3EFBA220225E774800D60232 /* UnitTest.xctest */,
			);
			name = Products;
			path = ..;
			sourceTree = "<group>";
		};
		3E9178D422103F2E00F33EDF /* Calculator */ = {
			isa = PBXGroup;
			children = (
				3E8FFA422218A9BF006AE4D3 /* Assets.xcassets */,
				3E9178D722103F2E00F33EDF /* CalculatorViewController.swift */,
				3EA7896F22343AD7005944BF /* SettingViewController.swift */,
				3E8FFA3D2218035B006AE4D3 /* AboutViewController.swift */,
				3E9178D922103F2E00F33EDF /* Main.storyboard */,
				3E9178DE22103F3000F33EDF /* LaunchScreen.storyboard */,
				3E9178E122103F3000F33EDF /* Info.plist */,
				3E9178D522103F2E00F33EDF /* AppDelegate.swift */,
				3EA9D1492255F8B10042E463 /* CalculatorBrain.swift */,
				3E9178D322103F2E00F33EDF /* Products */,
			);
			path = Calculator;
			sourceTree = "<group>";
		};
		3EFBA221225E774800D60232 /* UnitTest */ = {
			isa = PBXGroup;
			children = (
				3EFBA222225E774800D60232 /* UnitTest.swift */,
				3EFBA224225E774800D60232 /* Info.plist */,
			);
			path = UnitTest;
			sourceTree = "<group>";
		};
		CD053633DA862CAA24B3C394 /* Frameworks */ = {
			isa = PBXGroup;
			children = (
				C05C2EE30E34014C09DB76B0 /* libPods-Calculator.a */,
			);
			name = Frameworks;
			sourceTree = "<group>";
		};
/* End PBXGroup section */

/* Begin PBXNativeTarget section */
		3E9178D122103F2E00F33EDF /* Calculator */ = {
			isa = PBXNativeTarget;
			buildConfigurationList = 3E9178E422103F3000F33EDF /* Build configuration list for PBXNativeTarget "Calculator" */;
			buildPhases = (
				9763E3EED6FA9843A90304E6 /* [CP] Check Pods Manifest.lock */,
				3E9178CE22103F2E00F33EDF /* Sources */,
				3E9178CF22103F2E00F33EDF /* Frameworks */,
				3E9178D022103F2E00F33EDF /* Resources */,
				D74FE65647DCB86AF5436DCE /* [CP] Copy Pods Resources */,
			);
			buildRules = (
			);
			dependencies = (
			);
			name = Calculator;
			productName = "Калькулятор";
			productReference = 3E9178D222103F2E00F33EDF /* Calculator.app */;
			productType = "com.apple.product-type.application";
		};
		3EFBA21F225E774800D60232 /* UnitTest */ = {
			isa = PBXNativeTarget;
			buildConfigurationList = 3EFBA227225E774800D60232 /* Build configuration list for PBXNativeTarget "UnitTest" */;
			buildPhases = (
				3EFBA21C225E774800D60232 /* Sources */,
				3EFBA21D225E774800D60232 /* Frameworks */,
				3EFBA21E225E774800D60232 /* Resources */,
			);
			buildRules = (
			);
			dependencies = (
				3EFBA226225E774800D60232 /* PBXTargetDependency */,
			);
			name = UnitTest;
			productName = UnitTest;
			productReference = 3EFBA220225E774800D60232 /* UnitTest.xctest */;
			productType = "com.apple.product-type.bundle.unit-test";
		};
/* End PBXNativeTarget section */

/* Begin PBXProject section */
		3E9178CA22103F2E00F33EDF /* Project object */ = {
			isa = PBXProject;
			attributes = {
				LastSwiftUpdateCheck = 1020;
				LastUpgradeCheck = 1010;
				TargetAttributes = {
					3E9178D122103F2E00F33EDF = {
						CreatedOnToolsVersion = 10.1;
						SystemCapabilities = {
							com.apple.Keychain = {
								enabled = 0;
							};
						};
					};
					3EFBA21F225E774800D60232 = {
						CreatedOnToolsVersion = 10.2;
						TestTargetID = 3E9178D122103F2E00F33EDF;
					};
				};
			};
			buildConfigurationList = 3E9178CD22103F2E00F33EDF /* Build configuration list for PBXProject "Calculator" */;
			compatibilityVersion = "Xcode 9.3";
			developmentRegion = en;
			hasScannedForEncodings = 0;
			knownRegions = (
				en,
				Base,
			);
			mainGroup = 3E9178C922103F2E00F33EDF;
			productRefGroup = 3E9178D322103F2E00F33EDF /* Products */;
			projectDirPath = "";
			projectRoot = "";
			targets = (
				3E9178D122103F2E00F33EDF /* Calculator */,
				3EFBA21F225E774800D60232 /* UnitTest */,
			);
		};
/* End PBXProject section */

/* Begin PBXResourcesBuildPhase section */
		3E9178D022103F2E00F33EDF /* Resources */ = {
			isa = PBXResourcesBuildPhase;
			buildActionMask = 2147483647;
			files = (
				3E9178E022103F3000F33EDF /* LaunchScreen.storyboard in Resources */,
				3E9178DB22103F2E00F33EDF /* Main.storyboard in Resources */,
				3E8FFA432218A9BF006AE4D3 /* Assets.xcassets in Resources */,
			);
			runOnlyForDeploymentPostprocessing = 0;
		};
		3EFBA21E225E774800D60232 /* Resources */ = {
			isa = PBXResourcesBuildPhase;
			buildActionMask = 2147483647;
			files = (
			);
			runOnlyForDeploymentPostprocessing = 0;
		};
/* End PBXResourcesBuildPhase section */

/* Begin PBXShellScriptBuildPhase section */
		9763E3EED6FA9843A90304E6 /* [CP] Check Pods Manifest.lock */ = {
			isa = PBXShellScriptBuildPhase;
			buildActionMask = 2147483647;
			files = (
			);
			inputFileListPaths = (
			);
			inputPaths = (
				"${PODS_PODFILE_DIR_PATH}/Podfile.lock",
				"${PODS_ROOT}/Manifest.lock",
			);
			name = "[CP] Check Pods Manifest.lock";
			outputFileListPaths = (
			);
			outputPaths = (
				"$(DERIVED_FILE_DIR)/Pods-Calculator-checkManifestLockResult.txt",
			);
			runOnlyForDeploymentPostprocessing = 0;
			shellPath = /bin/sh;
			shellScript = "diff \"${PODS_PODFILE_DIR_PATH}/Podfile.lock\" \"${PODS_ROOT}/Manifest.lock\" > /dev/null\nif [ $? != 0 ] ; then\n    # print error to STDERR\n    echo \"error: The sandbox is not in sync with the Podfile.lock. Run 'pod install' or update your CocoaPods installation.\" >&2\n    exit 1\nfi\n# This output is used by Xcode 'outputs' to avoid re-running this script phase.\necho \"SUCCESS\" > \"${SCRIPT_OUTPUT_FILE_0}\"\n";
			showEnvVarsInLog = 0;
		};
		D74FE65647DCB86AF5436DCE /* [CP] Copy Pods Resources */ = {
			isa = PBXShellScriptBuildPhase;
			buildActionMask = 2147483647;
			files = (
			);
			inputFileListPaths = (
			);
			inputPaths = (
				"${PODS_ROOT}/Target Support Files/Pods-Calculator/Pods-Calculator-resources.sh",
				"${PODS_ROOT}/Spring/Spring/LoadingView.xib",
				"${PODS_ROOT}/Spring/SpringApp/Images.xcassets",
			);
			name = "[CP] Copy Pods Resources";
			outputFileListPaths = (
			);
			outputPaths = (
				"${TARGET_BUILD_DIR}/${UNLOCALIZED_RESOURCES_FOLDER_PATH}/LoadingView.nib",
				"${TARGET_BUILD_DIR}/${UNLOCALIZED_RESOURCES_FOLDER_PATH}/Assets.car",
			);
			runOnlyForDeploymentPostprocessing = 0;
			shellPath = /bin/sh;
			shellScript = "\"${PODS_ROOT}/Target Support Files/Pods-Calculator/Pods-Calculator-resources.sh\"\n";
			showEnvVarsInLog = 0;
		};
/* End PBXShellScriptBuildPhase section */

/* Begin PBXSourcesBuildPhase section */
		3E9178CE22103F2E00F33EDF /* Sources */ = {
			isa = PBXSourcesBuildPhase;
			buildActionMask = 2147483647;
			files = (
				3EA9D14A2255F8B10042E463 /* CalculatorBrain.swift in Sources */,
				3E9178D822103F2E00F33EDF /* CalculatorViewController.swift in Sources */,
				3E8FFA3E2218035B006AE4D3 /* AboutViewController.swift in Sources */,
				3E9178D622103F2E00F33EDF /* AppDelegate.swift in Sources */,
				3EA7897022343AD7005944BF /* SettingViewController.swift in Sources */,
			);
			runOnlyForDeploymentPostprocessing = 0;
		};
		3EFBA21C225E774800D60232 /* Sources */ = {
			isa = PBXSourcesBuildPhase;
			buildActionMask = 2147483647;
			files = (
				3EFBA223225E774800D60232 /* UnitTest.swift in Sources */,
			);
			runOnlyForDeploymentPostprocessing = 0;
		};
/* End PBXSourcesBuildPhase section */

/* Begin PBXTargetDependency section */
		3EFBA226225E774800D60232 /* PBXTargetDependency */ = {
			isa = PBXTargetDependency;
			target = 3E9178D122103F2E00F33EDF /* Calculator */;
			targetProxy = 3EFBA225225E774800D60232 /* PBXContainerItemProxy */;
		};
/* End PBXTargetDependency section */

/* Begin PBXVariantGroup section */
		3E9178D922103F2E00F33EDF /* Main.storyboard */ = {
			isa = PBXVariantGroup;
			children = (
				3E9178DA22103F2E00F33EDF /* Base */,
			);
			name = Main.storyboard;
			sourceTree = "<group>";
		};
		3E9178DE22103F3000F33EDF /* LaunchScreen.storyboard */ = {
			isa = PBXVariantGroup;
			children = (
				3E9178DF22103F3000F33EDF /* Base */,
			);
			name = LaunchScreen.storyboard;
			sourceTree = "<group>";
		};
/* End PBXVariantGroup section */

/* Begin XCBuildConfiguration section */
		3E9178E222103F3000F33EDF /* Debug */ = {
			isa = XCBuildConfiguration;
			buildSettings = {
				ALWAYS_SEARCH_USER_PATHS = NO;
				CLANG_ANALYZER_NONNULL = YES;
				CLANG_ANALYZER_NUMBER_OBJECT_CONVERSION = YES_AGGRESSIVE;
				CLANG_CXX_LANGUAGE_STANDARD = "gnu++14";
				CLANG_CXX_LIBRARY = "libc++";
				CLANG_ENABLE_MODULES = YES;
				CLANG_ENABLE_OBJC_ARC = YES;
				CLANG_ENABLE_OBJC_WEAK = YES;
				CLANG_WARN_BLOCK_CAPTURE_AUTORELEASING = YES;
				CLANG_WARN_BOOL_CONVERSION = YES;
				CLANG_WARN_COMMA = YES;
				CLANG_WARN_CONSTANT_CONVERSION = YES;
				CLANG_WARN_DEPRECATED_OBJC_IMPLEMENTATIONS = YES;
				CLANG_WARN_DIRECT_OBJC_ISA_USAGE = YES_ERROR;
				CLANG_WARN_DOCUMENTATION_COMMENTS = YES;
				CLANG_WARN_EMPTY_BODY = YES;
				CLANG_WARN_ENUM_CONVERSION = YES;
				CLANG_WARN_INFINITE_RECURSION = YES;
				CLANG_WARN_INT_CONVERSION = YES;
				CLANG_WARN_NON_LITERAL_NULL_CONVERSION = YES;
				CLANG_WARN_OBJC_IMPLICIT_RETAIN_SELF = YES;
				CLANG_WARN_OBJC_LITERAL_CONVERSION = YES;
				CLANG_WARN_OBJC_ROOT_CLASS = YES_ERROR;
				CLANG_WARN_RANGE_LOOP_ANALYSIS = YES;
				CLANG_WARN_STRICT_PROTOTYPES = YES;
				CLANG_WARN_SUSPICIOUS_MOVE = YES;
				CLANG_WARN_UNGUARDED_AVAILABILITY = YES_AGGRESSIVE;
				CLANG_WARN_UNREACHABLE_CODE = YES;
				CLANG_WARN__DUPLICATE_METHOD_MATCH = YES;
				CODE_SIGN_IDENTITY = "iPhone Developer";
				COPY_PHASE_STRIP = NO;
				DEBUG_INFORMATION_FORMAT = dwarf;
				ENABLE_STRICT_OBJC_MSGSEND = YES;
				ENABLE_TESTABILITY = YES;
				GCC_C_LANGUAGE_STANDARD = gnu11;
				GCC_DYNAMIC_NO_PIC = NO;
				GCC_NO_COMMON_BLOCKS = YES;
				GCC_OPTIMIZATION_LEVEL = 0;
				GCC_PREPROCESSOR_DEFINITIONS = (
					"DEBUG=1",
					"$(inherited)",
				);
				GCC_WARN_64_TO_32_BIT_CONVERSION = YES;
				GCC_WARN_ABOUT_RETURN_TYPE = YES_ERROR;
				GCC_WARN_UNDECLARED_SELECTOR = YES;
				GCC_WARN_UNINITIALIZED_AUTOS = YES_AGGRESSIVE;
				GCC_WARN_UNUSED_FUNCTION = YES;
				GCC_WARN_UNUSED_VARIABLE = YES;
				IPHONEOS_DEPLOYMENT_TARGET = 12.2;
				MTL_ENABLE_DEBUG_INFO = INCLUDE_SOURCE;
				MTL_FAST_MATH = YES;
				ONLY_ACTIVE_ARCH = YES;
				SDKROOT = iphoneos;
				SWIFT_ACTIVE_COMPILATION_CONDITIONS = DEBUG;
				SWIFT_OPTIMIZATION_LEVEL = "-Onone";
			};
			name = Debug;
		};
		3E9178E322103F3000F33EDF /* Release */ = {
			isa = XCBuildConfiguration;
			buildSettings = {
				ALWAYS_SEARCH_USER_PATHS = NO;
				CLANG_ANALYZER_NONNULL = YES;
				CLANG_ANALYZER_NUMBER_OBJECT_CONVERSION = YES_AGGRESSIVE;
				CLANG_CXX_LANGUAGE_STANDARD = "gnu++14";
				CLANG_CXX_LIBRARY = "libc++";
				CLANG_ENABLE_MODULES = YES;
				CLANG_ENABLE_OBJC_ARC = YES;
				CLANG_ENABLE_OBJC_WEAK = YES;
				CLANG_WARN_BLOCK_CAPTURE_AUTORELEASING = YES;
				CLANG_WARN_BOOL_CONVERSION = YES;
				CLANG_WARN_COMMA = YES;
				CLANG_WARN_CONSTANT_CONVERSION = YES;
				CLANG_WARN_DEPRECATED_OBJC_IMPLEMENTATIONS = YES;
				CLANG_WARN_DIRECT_OBJC_ISA_USAGE = YES_ERROR;
				CLANG_WARN_DOCUMENTATION_COMMENTS = YES;
				CLANG_WARN_EMPTY_BODY = YES;
				CLANG_WARN_ENUM_CONVERSION = YES;
				CLANG_WARN_INFINITE_RECURSION = YES;
				CLANG_WARN_INT_CONVERSION = YES;
				CLANG_WARN_NON_LITERAL_NULL_CONVERSION = YES;
				CLANG_WARN_OBJC_IMPLICIT_RETAIN_SELF = YES;
				CLANG_WARN_OBJC_LITERAL_CONVERSION = YES;
				CLANG_WARN_OBJC_ROOT_CLASS = YES_ERROR;
				CLANG_WARN_RANGE_LOOP_ANALYSIS = YES;
				CLANG_WARN_STRICT_PROTOTYPES = YES;
				CLANG_WARN_SUSPICIOUS_MOVE = YES;
				CLANG_WARN_UNGUARDED_AVAILABILITY = YES_AGGRESSIVE;
				CLANG_WARN_UNREACHABLE_CODE = YES;
				CLANG_WARN__DUPLICATE_METHOD_MATCH = YES;
				CODE_SIGN_IDENTITY = "iPhone Developer";
				COPY_PHASE_STRIP = NO;
				DEBUG_INFORMATION_FORMAT = "dwarf-with-dsym";
				ENABLE_NS_ASSERTIONS = NO;
				ENABLE_STRICT_OBJC_MSGSEND = YES;
				GCC_C_LANGUAGE_STANDARD = gnu11;
				GCC_NO_COMMON_BLOCKS = YES;
				GCC_WARN_64_TO_32_BIT_CONVERSION = YES;
				GCC_WARN_ABOUT_RETURN_TYPE = YES_ERROR;
				GCC_WARN_UNDECLARED_SELECTOR = YES;
				GCC_WARN_UNINITIALIZED_AUTOS = YES_AGGRESSIVE;
				GCC_WARN_UNUSED_FUNCTION = YES;
				GCC_WARN_UNUSED_VARIABLE = YES;
				IPHONEOS_DEPLOYMENT_TARGET = 12.2;
				MTL_ENABLE_DEBUG_INFO = NO;
				MTL_FAST_MATH = YES;
				SDKROOT = iphoneos;
				SWIFT_COMPILATION_MODE = wholemodule;
				SWIFT_OPTIMIZATION_LEVEL = "-O";
				VALIDATE_PRODUCT = YES;
			};
			name = Release;
		};
		3E9178E522103F3000F33EDF /* Debug */ = {
			isa = XCBuildConfiguration;
			baseConfigurationReference = A3F61ACDF5FA0D153152E0BC /* Pods-Calculator.debug.xcconfig */;
			buildSettings = {
				ASSETCATALOG_COMPILER_APPICON_NAME = AppIcon;
				CODE_SIGN_IDENTITY = "iPhone Developer";
				CODE_SIGN_STYLE = Automatic;
				DEVELOPMENT_TEAM = 2H6CKN6S5G;
				INFOPLIST_FILE = "$(SRCROOT)/Calculator/Info.plist";
				IPHONEOS_DEPLOYMENT_TARGET = 12.2;
				LD_RUNPATH_SEARCH_PATHS = (
					"$(inherited)",
					"@executable_path/Frameworks",
				);
				PRODUCT_BUNDLE_IDENTIFIER = edu.ya.calculator;
				PRODUCT_NAME = "$(TARGET_NAME)";
				PROVISIONING_PROFILE_SPECIFIER = "";
				SWIFT_VERSION = 4.2;
				TARGETED_DEVICE_FAMILY = "1,2";
			};
			name = Debug;
		};
		3E9178E622103F3000F33EDF /* Release */ = {
			isa = XCBuildConfiguration;
			baseConfigurationReference = E892D66EC3B872C10D755734 /* Pods-Calculator.release.xcconfig */;
			buildSettings = {
				ASSETCATALOG_COMPILER_APPICON_NAME = AppIcon;
				CODE_SIGN_IDENTITY = "iPhone Developer";
				CODE_SIGN_STYLE = Automatic;
				DEVELOPMENT_TEAM = 2H6CKN6S5G;
				INFOPLIST_FILE = "$(SRCROOT)/Calculator/Info.plist";
				IPHONEOS_DEPLOYMENT_TARGET = 12.2;
				LD_RUNPATH_SEARCH_PATHS = (
					"$(inherited)",
					"@executable_path/Frameworks",
				);
				PRODUCT_BUNDLE_IDENTIFIER = edu.ya.calculator;
				PRODUCT_NAME = "$(TARGET_NAME)";
				PROVISIONING_PROFILE_SPECIFIER = "";
				SWIFT_VERSION = 4.2;
				TARGETED_DEVICE_FAMILY = "1,2";
			};
			name = Release;
		};
		3EFBA228225E774800D60232 /* Debug */ = {
			isa = XCBuildConfiguration;
			buildSettings = {
				BUNDLE_LOADER = "$(TEST_HOST)";
				CODE_SIGN_STYLE = Automatic;
				DEVELOPMENT_TEAM = 2H6CKN6S5G;
				INFOPLIST_FILE = UnitTest/Info.plist;
				LD_RUNPATH_SEARCH_PATHS = (
					"$(inherited)",
					"@executable_path/Frameworks",
					"@loader_path/Frameworks",
				);
				PRODUCT_BUNDLE_IDENTIFIER = com.calculator.UnitTest;
				PRODUCT_NAME = "$(TARGET_NAME)";
				SWIFT_VERSION = 5.0;
				TARGETED_DEVICE_FAMILY = "1,2";
				TEST_HOST = "$(BUILT_PRODUCTS_DIR)/Calculator.app/Calculator";
			};
			name = Debug;
		};
		3EFBA229225E774800D60232 /* Release */ = {
			isa = XCBuildConfiguration;
			buildSettings = {
				BUNDLE_LOADER = "$(TEST_HOST)";
				CODE_SIGN_STYLE = Automatic;
				DEVELOPMENT_TEAM = 2H6CKN6S5G;
				INFOPLIST_FILE = UnitTest/Info.plist;
				LD_RUNPATH_SEARCH_PATHS = (
					"$(inherited)",
					"@executable_path/Frameworks",
					"@loader_path/Frameworks",
				);
				PRODUCT_BUNDLE_IDENTIFIER = com.calculator.UnitTest;
				PRODUCT_NAME = "$(TARGET_NAME)";
				SWIFT_VERSION = 5.0;
				TARGETED_DEVICE_FAMILY = "1,2";
				TEST_HOST = "$(BUILT_PRODUCTS_DIR)/Calculator.app/Calculator";
			};
			name = Release;
		};
/* End XCBuildConfiguration section */

/* Begin XCConfigurationList section */
		3E9178CD22103F2E00F33EDF /* Build configuration list for PBXProject "Calculator" */ = {
			isa = XCConfigurationList;
			buildConfigurations = (
				3E9178E222103F3000F33EDF /* Debug */,
				3E9178E322103F3000F33EDF /* Release */,
			);
			defaultConfigurationIsVisible = 0;
			defaultConfigurationName = Release;
		};
		3E9178E422103F3000F33EDF /* Build configuration list for PBXNativeTarget "Calculator" */ = {
			isa = XCConfigurationList;
			buildConfigurations = (
				3E9178E522103F3000F33EDF /* Debug */,
				3E9178E622103F3000F33EDF /* Release */,
			);
			defaultConfigurationIsVisible = 0;
			defaultConfigurationName = Release;
		};
		3EFBA227225E774800D60232 /* Build configuration list for PBXNativeTarget "UnitTest" */ = {
			isa = XCConfigurationList;
			buildConfigurations = (
				3EFBA228225E774800D60232 /* Debug */,
				3EFBA229225E774800D60232 /* Release */,
			);
			defaultConfigurationIsVisible = 0;
			defaultConfigurationName = Release;
		};
/* End XCConfigurationList section */
	};
	rootObject = 3E9178CA22103F2E00F33EDF /* Project object */;
}
